
Microsoft Visual Studio Solution File, Format Version 12.00
# Visual Studio 2013
VisualStudioVersion = 12.0.40629.0
MinimumVisualStudioVersion = 10.0.40219.1
Project("{FAE04EC0-301F-11D3-BF4B-00C04F79EFBC}") = "Movie Finder", "Movie Finder\Movie Finder.csproj", "{0BA7BEC5-2A60-4B5C-8A55-BCCFB2401A8E}"
EndProject
Project("{FAE04EC0-301F-11D3-BF4B-00C04F79EFBC}") = "DataAccessLayer", "DataAccessLayer\DataAccessLayer.csproj", "{2FF0104F-F532-4BF0-AD04-152EC62234A5}"
EndProject
Global
	GlobalSection(SolutionConfigurationPlatforms) = preSolution
		Debug|Any CPU = Debug|Any CPU
		Release|Any CPU = Release|Any CPU
	EndGlobalSection
	GlobalSection(ProjectConfigurationPlatforms) = postSolution
		{0BA7BEC5-2A60-4B5C-8A55-BCCFB2401A8E}.Debug|Any CPU.ActiveCfg = Debug|Any CPU
		{0BA7BEC5-2A60-4B5C-8A55-BCCFB2401A8E}.Debug|Any CPU.Build.0 = Debug|Any CPU
		{0BA7BEC5-2A60-4B5C-8A55-BCCFB2401A8E}.Release|Any CPU.ActiveCfg = Release|Any CPU
		{0BA7BEC5-2A60-4B5C-8A55-BCCFB2401A8E}.Release|Any CPU.Build.0 = Release|Any CPU
		{2FF0104F-F532-4BF0-AD04-152EC62234A5}.Debug|Any CPU.ActiveCfg = Debug|Any CPU
		{2FF0104F-F532-4BF0-AD04-152EC62234A5}.Debug|Any CPU.Build.0 = Debug|Any CPU
		{2FF0104F-F532-4BF0-AD04-152EC62234A5}.Release|Any CPU.ActiveCfg = Release|Any CPU
		{2FF0104F-F532-4BF0-AD04-152EC62234A5}.Release|Any CPU.Build.0 = Release|Any CPU
	EndGlobalSection
	GlobalSection(SolutionProperties) = preSolution
		HideSolutionNode = FALSE
	EndGlobalSection
EndGlobal
